// !$*UTF8*$!
{
	archiveVersion = 1;
	classes = {
	};
	objectVersion = 55;
	objects = {

/* Begin PBXBuildFile section */
		BD5E1AD628B2CFE6002C59C8 /* AppDelegate.swift in Sources */ = {isa = PBXBuildFile; fileRef = BD5E1AD528B2CFE6002C59C8 /* AppDelegate.swift */; };
		BD5E1AD828B2CFE6002C59C8 /* SceneDelegate.swift in Sources */ = {isa = PBXBuildFile; fileRef = BD5E1AD728B2CFE6002C59C8 /* SceneDelegate.swift */; };
		BD5E1ADA28B2CFE6002C59C8 /* SearchAcronymsViewController.swift in Sources */ = {isa = PBXBuildFile; fileRef = BD5E1AD928B2CFE6002C59C8 /* SearchAcronymsViewController.swift */; };
		BD5E1ADD28B2CFE6002C59C8 /* Main.storyboard in Resources */ = {isa = PBXBuildFile; fileRef = BD5E1ADB28B2CFE6002C59C8 /* Main.storyboard */; };
		BD5E1ADF28B2CFE7002C59C8 /* Assets.xcassets in Resources */ = {isa = PBXBuildFile; fileRef = BD5E1ADE28B2CFE7002C59C8 /* Assets.xcassets */; };
		BD5E1AE228B2CFE7002C59C8 /* LaunchScreen.storyboard in Resources */ = {isa = PBXBuildFile; fileRef = BD5E1AE028B2CFE7002C59C8 /* LaunchScreen.storyboard */; };
		BD5E1AED28B2CFE7002C59C8 /* SearchAcronymsPresenterTests.swift in Sources */ = {isa = PBXBuildFile; fileRef = BD5E1AEC28B2CFE7002C59C8 /* SearchAcronymsPresenterTests.swift */; };
		BD5E1B0A28B2D14A002C59C8 /* SearchAcronymsPresenter.swift in Sources */ = {isa = PBXBuildFile; fileRef = BD5E1B0928B2D14A002C59C8 /* SearchAcronymsPresenter.swift */; };
		BD5E1B0C28B2D171002C59C8 /* SearchAcronymsRouter.swift in Sources */ = {isa = PBXBuildFile; fileRef = BD5E1B0B28B2D171002C59C8 /* SearchAcronymsRouter.swift */; };
		BD5E1B0E28B2D17E002C59C8 /* SearchAcronymsInteractor.swift in Sources */ = {isa = PBXBuildFile; fileRef = BD5E1B0D28B2D17E002C59C8 /* SearchAcronymsInteractor.swift */; };
		BD5E1B1228B2D65F002C59C8 /* HTTPRequestServiceable.swift in Sources */ = {isa = PBXBuildFile; fileRef = BD5E1B1128B2D65F002C59C8 /* HTTPRequestServiceable.swift */; };
		BD5E1B1928B2D672002C59C8 /* LocalizedHTTPRequestError.swift in Sources */ = {isa = PBXBuildFile; fileRef = BD5E1B1528B2D672002C59C8 /* LocalizedHTTPRequestError.swift */; };
		BD5E1B2128B2D7B2002C59C8 /* HTTPURLResponse+Extensions.swift in Sources */ = {isa = PBXBuildFile; fileRef = BD5E1B1F28B2D7B2002C59C8 /* HTTPURLResponse+Extensions.swift */; };
		BD5E1B2228B2D7B2002C59C8 /* URL+Extensions.swift in Sources */ = {isa = PBXBuildFile; fileRef = BD5E1B2028B2D7B2002C59C8 /* URL+Extensions.swift */; };
		BD5E1B2628B2E1C5002C59C8 /* HTTPStatusCode.swift in Sources */ = {isa = PBXBuildFile; fileRef = BD5E1B2528B2E1C5002C59C8 /* HTTPStatusCode.swift */; };
		BD5E1B2828B2E37D002C59C8 /* HTTPRequestService.swift in Sources */ = {isa = PBXBuildFile; fileRef = BD5E1B2728B2E37D002C59C8 /* HTTPRequestService.swift */; };
		BD5E1B2C28B2F38D002C59C8 /* SearchService.swift in Sources */ = {isa = PBXBuildFile; fileRef = BD5E1B2B28B2F38D002C59C8 /* SearchService.swift */; };
		BD5E1B2F28B2F482002C59C8 /* SearchResponse.swift in Sources */ = {isa = PBXBuildFile; fileRef = BD5E1B2E28B2F482002C59C8 /* SearchResponse.swift */; };
		BD5E1B3128B3022A002C59C8 /* SearchResultCellViewModel.swift in Sources */ = {isa = PBXBuildFile; fileRef = BD5E1B3028B3022A002C59C8 /* SearchResultCellViewModel.swift */; };
		BD5E1B3528B305CC002C59C8 /* SearchResultCell.swift in Sources */ = {isa = PBXBuildFile; fileRef = BD5E1B3428B305CC002C59C8 /* SearchResultCell.swift */; };
		BD5E1B3C28B3081A002C59C8 /* SearchAcronymsViewController.xib in Resources */ = {isa = PBXBuildFile; fileRef = BD5E1B3B28B3081A002C59C8 /* SearchAcronymsViewController.xib */; };
		BD5E1B3F28B30C8B002C59C8 /* UIViewController+Extensions.swift in Sources */ = {isa = PBXBuildFile; fileRef = BD5E1B3E28B30C8B002C59C8 /* UIViewController+Extensions.swift */; };
		BD5E1B4228B31059002C59C8 /* SearchThrottler.swift in Sources */ = {isa = PBXBuildFile; fileRef = BD5E1B4128B31059002C59C8 /* SearchThrottler.swift */; };
		BD5E1B4428B3169A002C59C8 /* SearchEmptyStateView.swift in Sources */ = {isa = PBXBuildFile; fileRef = BD5E1B4328B3169A002C59C8 /* SearchEmptyStateView.swift */; };
		BD5E1B4628B31747002C59C8 /* UIView+Extensions.swift in Sources */ = {isa = PBXBuildFile; fileRef = BD5E1B4528B31747002C59C8 /* UIView+Extensions.swift */; };
		BD5E1B4A28B32314002C59C8 /* LoadingView.swift in Sources */ = {isa = PBXBuildFile; fileRef = BD5E1B4928B32314002C59C8 /* LoadingView.swift */; };
		BD5E1B4D28B34478002C59C8 /* MockInteractor.swift in Sources */ = {isa = PBXBuildFile; fileRef = BD5E1B4C28B34478002C59C8 /* MockInteractor.swift */; };
		BD5E1B5028B344BD002C59C8 /* MockSearchAcronymsView.swift in Sources */ = {isa = PBXBuildFile; fileRef = BD5E1B4E28B344BC002C59C8 /* MockSearchAcronymsView.swift */; };
		BD5E1B5128B344BD002C59C8 /* MockSearchThrottler.swift in Sources */ = {isa = PBXBuildFile; fileRef = BD5E1B4F28B344BD002C59C8 /* MockSearchThrottler.swift */; };
		BD5E1B5428B35A04002C59C8 /* Array+Extensions.swift in Sources */ = {isa = PBXBuildFile; fileRef = BD5E1B5328B35A04002C59C8 /* Array+Extensions.swift */; };
		BD5E1B5628B36596002C59C8 /* XCTestCase+Extensions.swift in Sources */ = {isa = PBXBuildFile; fileRef = BD5E1B5528B36596002C59C8 /* XCTestCase+Extensions.swift */; };
		BD5E1B5828B36829002C59C8 /* SearchAcronymsInteractorTests.swift in Sources */ = {isa = PBXBuildFile; fileRef = BD5E1B5728B36829002C59C8 /* SearchAcronymsInteractorTests.swift */; };
		BD5E1B5A28B36889002C59C8 /* MockSearchService.swift in Sources */ = {isa = PBXBuildFile; fileRef = BD5E1B5928B36889002C59C8 /* MockSearchService.swift */; };
		BD5E1B5C28B36B83002C59C8 /* Fullform+Extensions.swift in Sources */ = {isa = PBXBuildFile; fileRef = BD5E1B5B28B36B83002C59C8 /* Fullform+Extensions.swift */; };
		BD5E1B6228B36CBB002C59C8 /* SearchAcronymsViewControllerTests.swift in Sources */ = {isa = PBXBuildFile; fileRef = BD5E1B5E28B36CBB002C59C8 /* SearchAcronymsViewControllerTests.swift */; };
		BD5E1B6328B36CBB002C59C8 /* SearchAcronymsRouterTests.swift in Sources */ = {isa = PBXBuildFile; fileRef = BD5E1B5F28B36CBB002C59C8 /* SearchAcronymsRouterTests.swift */; };
		BD5E1B6828B37219002C59C8 /* MockPresenter.swift in Sources */ = {isa = PBXBuildFile; fileRef = BD5E1B6728B37219002C59C8 /* MockPresenter.swift */; };
		BD5E1B6A28B37726002C59C8 /* MockSearchCell.swift in Sources */ = {isa = PBXBuildFile; fileRef = BD5E1B6928B37726002C59C8 /* MockSearchCell.swift */; };
		BD5E1B6C28B37A48002C59C8 /* SearchServiceTests.swift in Sources */ = {isa = PBXBuildFile; fileRef = BD5E1B6B28B37A48002C59C8 /* SearchServiceTests.swift */; };
		BD5E1B6E28B37A7F002C59C8 /* MockHTTPService.swift in Sources */ = {isa = PBXBuildFile; fileRef = BD5E1B6D28B37A7F002C59C8 /* MockHTTPService.swift */; };
		BD5E1B7028B387D7002C59C8 /* HTTPRequestServiceTests.swift in Sources */ = {isa = PBXBuildFile; fileRef = BD5E1B6F28B387D7002C59C8 /* HTTPRequestServiceTests.swift */; };
		BD5E1B7228B38938002C59C8 /* MockURLSession.swift in Sources */ = {isa = PBXBuildFile; fileRef = BD5E1B7128B38938002C59C8 /* MockURLSession.swift */; };
		BD5E1B7628B39123002C59C8 /* SearchMockResponse.txt in Resources */ = {isa = PBXBuildFile; fileRef = BD5E1B7428B38DC9002C59C8 /* SearchMockResponse.txt */; };
		BD5E1B7C28B39AA7002C59C8 /* NoResults.png in Resources */ = {isa = PBXBuildFile; fileRef = BD5E1B7828B39AA7002C59C8 /* NoResults.png */; };
		BD5E1B7D28B39AA7002C59C8 /* SearchInProgress.png in Resources */ = {isa = PBXBuildFile; fileRef = BD5E1B7928B39AA7002C59C8 /* SearchInProgress.png */; };
		BD5E1B7E28B39AA7002C59C8 /* ShowResults.png in Resources */ = {isa = PBXBuildFile; fileRef = BD5E1B7A28B39AA7002C59C8 /* ShowResults.png */; };
		BD5E1B7F28B39AA7002C59C8 /* BeginsSearch.png in Resources */ = {isa = PBXBuildFile; fileRef = BD5E1B7B28B39AA7002C59C8 /* BeginsSearch.png */; };
/* End PBXBuildFile section */

/* Begin PBXContainerItemProxy section */
		BD5E1AE928B2CFE7002C59C8 /* PBXContainerItemProxy */ = {
			isa = PBXContainerItemProxy;
			containerPortal = BD5E1ACA28B2CFE6002C59C8 /* Project object */;
			proxyType = 1;
			remoteGlobalIDString = BD5E1AD128B2CFE6002C59C8;
			remoteInfo = AcronymFinder;
		};
/* End PBXContainerItemProxy section */

/* Begin PBXFileReference section */
		BD5E1AD228B2CFE6002C59C8 /* AcronymFinder.app */ = {isa = PBXFileReference; explicitFileType = wrapper.application; includeInIndex = 0; path = AcronymFinder.app; sourceTree = BUILT_PRODUCTS_DIR; };
		BD5E1AD528B2CFE6002C59C8 /* AppDelegate.swift */ = {isa = PBXFileReference; lastKnownFileType = sourcecode.swift; path = AppDelegate.swift; sourceTree = "<group>"; };
		BD5E1AD728B2CFE6002C59C8 /* SceneDelegate.swift */ = {isa = PBXFileReference; lastKnownFileType = sourcecode.swift; path = SceneDelegate.swift; sourceTree = "<group>"; };
		BD5E1AD928B2CFE6002C59C8 /* SearchAcronymsViewController.swift */ = {isa = PBXFileReference; lastKnownFileType = sourcecode.swift; path = SearchAcronymsViewController.swift; sourceTree = "<group>"; };
		BD5E1ADC28B2CFE6002C59C8 /* Base */ = {isa = PBXFileReference; lastKnownFileType = file.storyboard; name = Base; path = Base.lproj/Main.storyboard; sourceTree = "<group>"; };
		BD5E1ADE28B2CFE7002C59C8 /* Assets.xcassets */ = {isa = PBXFileReference; lastKnownFileType = folder.assetcatalog; path = Assets.xcassets; sourceTree = "<group>"; };
		BD5E1AE128B2CFE7002C59C8 /* Base */ = {isa = PBXFileReference; lastKnownFileType = file.storyboard; name = Base; path = Base.lproj/LaunchScreen.storyboard; sourceTree = "<group>"; };
		BD5E1AE328B2CFE7002C59C8 /* Info.plist */ = {isa = PBXFileReference; lastKnownFileType = text.plist.xml; path = Info.plist; sourceTree = "<group>"; };
		BD5E1AE828B2CFE7002C59C8 /* AcronymFinderTests.xctest */ = {isa = PBXFileReference; explicitFileType = wrapper.cfbundle; includeInIndex = 0; path = AcronymFinderTests.xctest; sourceTree = BUILT_PRODUCTS_DIR; };
		BD5E1AEC28B2CFE7002C59C8 /* SearchAcronymsPresenterTests.swift */ = {isa = PBXFileReference; lastKnownFileType = sourcecode.swift; path = SearchAcronymsPresenterTests.swift; sourceTree = "<group>"; };
		BD5E1B0928B2D14A002C59C8 /* SearchAcronymsPresenter.swift */ = {isa = PBXFileReference; lastKnownFileType = sourcecode.swift; path = SearchAcronymsPresenter.swift; sourceTree = "<group>"; };
		BD5E1B0B28B2D171002C59C8 /* SearchAcronymsRouter.swift */ = {isa = PBXFileReference; lastKnownFileType = sourcecode.swift; path = SearchAcronymsRouter.swift; sourceTree = "<group>"; };
		BD5E1B0D28B2D17E002C59C8 /* SearchAcronymsInteractor.swift */ = {isa = PBXFileReference; lastKnownFileType = sourcecode.swift; path = SearchAcronymsInteractor.swift; sourceTree = "<group>"; };
		BD5E1B1128B2D65F002C59C8 /* HTTPRequestServiceable.swift */ = {isa = PBXFileReference; lastKnownFileType = sourcecode.swift; path = HTTPRequestServiceable.swift; sourceTree = "<group>"; };
		BD5E1B1528B2D672002C59C8 /* LocalizedHTTPRequestError.swift */ = {isa = PBXFileReference; fileEncoding = 4; lastKnownFileType = sourcecode.swift; path = LocalizedHTTPRequestError.swift; sourceTree = "<group>"; };
		BD5E1B1F28B2D7B2002C59C8 /* HTTPURLResponse+Extensions.swift */ = {isa = PBXFileReference; fileEncoding = 4; lastKnownFileType = sourcecode.swift; path = "HTTPURLResponse+Extensions.swift"; sourceTree = "<group>"; };
		BD5E1B2028B2D7B2002C59C8 /* URL+Extensions.swift */ = {isa = PBXFileReference; fileEncoding = 4; lastKnownFileType = sourcecode.swift; path = "URL+Extensions.swift"; sourceTree = "<group>"; };
		BD5E1B2528B2E1C5002C59C8 /* HTTPStatusCode.swift */ = {isa = PBXFileReference; fileEncoding = 4; lastKnownFileType = sourcecode.swift; path = HTTPStatusCode.swift; sourceTree = "<group>"; };
		BD5E1B2728B2E37D002C59C8 /* HTTPRequestService.swift */ = {isa = PBXFileReference; fileEncoding = 4; lastKnownFileType = sourcecode.swift; path = HTTPRequestService.swift; sourceTree = "<group>"; };
		BD5E1B2B28B2F38D002C59C8 /* SearchService.swift */ = {isa = PBXFileReference; lastKnownFileType = sourcecode.swift; path = SearchService.swift; sourceTree = "<group>"; };
		BD5E1B2E28B2F482002C59C8 /* SearchResponse.swift */ = {isa = PBXFileReference; lastKnownFileType = sourcecode.swift; path = SearchResponse.swift; sourceTree = "<group>"; };
		BD5E1B3028B3022A002C59C8 /* SearchResultCellViewModel.swift */ = {isa = PBXFileReference; lastKnownFileType = sourcecode.swift; path = SearchResultCellViewModel.swift; sourceTree = "<group>"; };
		BD5E1B3428B305CC002C59C8 /* SearchResultCell.swift */ = {isa = PBXFileReference; lastKnownFileType = sourcecode.swift; path = SearchResultCell.swift; sourceTree = "<group>"; };
		BD5E1B3B28B3081A002C59C8 /* SearchAcronymsViewController.xib */ = {isa = PBXFileReference; lastKnownFileType = file.xib; path = SearchAcronymsViewController.xib; sourceTree = "<group>"; };
		BD5E1B3E28B30C8B002C59C8 /* UIViewController+Extensions.swift */ = {isa = PBXFileReference; lastKnownFileType = sourcecode.swift; path = "UIViewController+Extensions.swift"; sourceTree = "<group>"; };
		BD5E1B4128B31059002C59C8 /* SearchThrottler.swift */ = {isa = PBXFileReference; lastKnownFileType = sourcecode.swift; path = SearchThrottler.swift; sourceTree = "<group>"; };
		BD5E1B4328B3169A002C59C8 /* SearchEmptyStateView.swift */ = {isa = PBXFileReference; lastKnownFileType = sourcecode.swift; path = SearchEmptyStateView.swift; sourceTree = "<group>"; };
		BD5E1B4528B31747002C59C8 /* UIView+Extensions.swift */ = {isa = PBXFileReference; lastKnownFileType = sourcecode.swift; path = "UIView+Extensions.swift"; sourceTree = "<group>"; };
		BD5E1B4928B32314002C59C8 /* LoadingView.swift */ = {isa = PBXFileReference; lastKnownFileType = sourcecode.swift; path = LoadingView.swift; sourceTree = "<group>"; };
		BD5E1B4C28B34478002C59C8 /* MockInteractor.swift */ = {isa = PBXFileReference; lastKnownFileType = sourcecode.swift; path = MockInteractor.swift; sourceTree = "<group>"; };
		BD5E1B4E28B344BC002C59C8 /* MockSearchAcronymsView.swift */ = {isa = PBXFileReference; fileEncoding = 4; lastKnownFileType = sourcecode.swift; path = MockSearchAcronymsView.swift; sourceTree = "<group>"; };
		BD5E1B4F28B344BD002C59C8 /* MockSearchThrottler.swift */ = {isa = PBXFileReference; fileEncoding = 4; lastKnownFileType = sourcecode.swift; path = MockSearchThrottler.swift; sourceTree = "<group>"; };
		BD5E1B5328B35A04002C59C8 /* Array+Extensions.swift */ = {isa = PBXFileReference; lastKnownFileType = sourcecode.swift; path = "Array+Extensions.swift"; sourceTree = "<group>"; };
		BD5E1B5528B36596002C59C8 /* XCTestCase+Extensions.swift */ = {isa = PBXFileReference; fileEncoding = 4; lastKnownFileType = sourcecode.swift; path = "XCTestCase+Extensions.swift"; sourceTree = "<group>"; };
		BD5E1B5728B36829002C59C8 /* SearchAcronymsInteractorTests.swift */ = {isa = PBXFileReference; fileEncoding = 4; lastKnownFileType = sourcecode.swift; path = SearchAcronymsInteractorTests.swift; sourceTree = "<group>"; };
		BD5E1B5928B36889002C59C8 /* MockSearchService.swift */ = {isa = PBXFileReference; fileEncoding = 4; lastKnownFileType = sourcecode.swift; path = MockSearchService.swift; sourceTree = "<group>"; };
		BD5E1B5B28B36B83002C59C8 /* Fullform+Extensions.swift */ = {isa = PBXFileReference; fileEncoding = 4; lastKnownFileType = sourcecode.swift; path = "Fullform+Extensions.swift"; sourceTree = "<group>"; };
		BD5E1B5E28B36CBB002C59C8 /* SearchAcronymsViewControllerTests.swift */ = {isa = PBXFileReference; fileEncoding = 4; lastKnownFileType = sourcecode.swift; path = SearchAcronymsViewControllerTests.swift; sourceTree = "<group>"; };
		BD5E1B5F28B36CBB002C59C8 /* SearchAcronymsRouterTests.swift */ = {isa = PBXFileReference; fileEncoding = 4; lastKnownFileType = sourcecode.swift; path = SearchAcronymsRouterTests.swift; sourceTree = "<group>"; };
		BD5E1B6728B37219002C59C8 /* MockPresenter.swift */ = {isa = PBXFileReference; fileEncoding = 4; lastKnownFileType = sourcecode.swift; path = MockPresenter.swift; sourceTree = "<group>"; };
		BD5E1B6928B37726002C59C8 /* MockSearchCell.swift */ = {isa = PBXFileReference; fileEncoding = 4; lastKnownFileType = sourcecode.swift; path = MockSearchCell.swift; sourceTree = "<group>"; };
		BD5E1B6B28B37A48002C59C8 /* SearchServiceTests.swift */ = {isa = PBXFileReference; fileEncoding = 4; lastKnownFileType = sourcecode.swift; path = SearchServiceTests.swift; sourceTree = "<group>"; };
		BD5E1B6D28B37A7F002C59C8 /* MockHTTPService.swift */ = {isa = PBXFileReference; fileEncoding = 4; lastKnownFileType = sourcecode.swift; path = MockHTTPService.swift; sourceTree = "<group>"; };
		BD5E1B6F28B387D7002C59C8 /* HTTPRequestServiceTests.swift */ = {isa = PBXFileReference; fileEncoding = 4; lastKnownFileType = sourcecode.swift; path = HTTPRequestServiceTests.swift; sourceTree = "<group>"; };
		BD5E1B7128B38938002C59C8 /* MockURLSession.swift */ = {isa = PBXFileReference; fileEncoding = 4; lastKnownFileType = sourcecode.swift; path = MockURLSession.swift; sourceTree = "<group>"; };
		BD5E1B7428B38DC9002C59C8 /* SearchMockResponse.txt */ = {isa = PBXFileReference; fileEncoding = 4; lastKnownFileType = text; path = SearchMockResponse.txt; sourceTree = "<group>"; };
		BD5E1B7828B39AA7002C59C8 /* NoResults.png */ = {isa = PBXFileReference; lastKnownFileType = image.png; path = NoResults.png; sourceTree = "<group>"; };
		BD5E1B7928B39AA7002C59C8 /* SearchInProgress.png */ = {isa = PBXFileReference; lastKnownFileType = image.png; path = SearchInProgress.png; sourceTree = "<group>"; };
		BD5E1B7A28B39AA7002C59C8 /* ShowResults.png */ = {isa = PBXFileReference; lastKnownFileType = image.png; path = ShowResults.png; sourceTree = "<group>"; };
		BD5E1B7B28B39AA7002C59C8 /* BeginsSearch.png */ = {isa = PBXFileReference; lastKnownFileType = image.png; path = BeginsSearch.png; sourceTree = "<group>"; };
/* End PBXFileReference section */

/* Begin PBXFrameworksBuildPhase section */
		BD5E1ACF28B2CFE6002C59C8 /* Frameworks */ = {
			isa = PBXFrameworksBuildPhase;
			buildActionMask = 2147483647;
			files = (
			);
			runOnlyForDeploymentPostprocessing = 0;
		};
		BD5E1AE528B2CFE7002C59C8 /* Frameworks */ = {
			isa = PBXFrameworksBuildPhase;
			buildActionMask = 2147483647;
			files = (
			);
			runOnlyForDeploymentPostprocessing = 0;
		};
/* End PBXFrameworksBuildPhase section */

/* Begin PBXGroup section */
		BD5E1AC928B2CFE6002C59C8 = {
			isa = PBXGroup;
			children = (
				BD5E1AD428B2CFE6002C59C8 /* AcronymFinder */,
				BD5E1AEB28B2CFE7002C59C8 /* AcronymFinderTests */,
				BD5E1AD328B2CFE6002C59C8 /* Products */,
			);
			sourceTree = "<group>";
		};
		BD5E1AD328B2CFE6002C59C8 /* Products */ = {
			isa = PBXGroup;
			children = (
				BD5E1AD228B2CFE6002C59C8 /* AcronymFinder.app */,
				BD5E1AE828B2CFE7002C59C8 /* AcronymFinderTests.xctest */,
			);
			name = Products;
			sourceTree = "<group>";
		};
		BD5E1AD428B2CFE6002C59C8 /* AcronymFinder */ = {
			isa = PBXGroup;
			children = (
				BD5E1B0528B2D011002C59C8 /* Main */,
				BD5E1B0628B2D024002C59C8 /* Features */,
				BD5E1B0F28B2D195002C59C8 /* Services */,
				BD5E1B1B28B2D6AA002C59C8 /* Utilities */,
				BD5E1B0828B2D0A9002C59C8 /* Resources */,
				BD5E1AE328B2CFE7002C59C8 /* Info.plist */,
			);
			path = AcronymFinder;
			sourceTree = "<group>";
		};
		BD5E1AEB28B2CFE7002C59C8 /* AcronymFinderTests */ = {
			isa = PBXGroup;
			children = (
				BD5E1B6F28B387D7002C59C8 /* HTTPRequestServiceTests.swift */,
				BD5E1B6B28B37A48002C59C8 /* SearchServiceTests.swift */,
				BD5E1B5F28B36CBB002C59C8 /* SearchAcronymsRouterTests.swift */,
				BD5E1B5E28B36CBB002C59C8 /* SearchAcronymsViewControllerTests.swift */,
				BD5E1AEC28B2CFE7002C59C8 /* SearchAcronymsPresenterTests.swift */,
				BD5E1B5728B36829002C59C8 /* SearchAcronymsInteractorTests.swift */,
				BD5E1B5228B359EE002C59C8 /* Extensions */,
				BD5E1B4B28B34455002C59C8 /* Mocks */,
				BD5E1B7328B38DB6002C59C8 /* Resources */,
			);
			path = AcronymFinderTests;
			sourceTree = "<group>";
		};
		BD5E1B0528B2D011002C59C8 /* Main */ = {
			isa = PBXGroup;
			children = (
				BD5E1AD528B2CFE6002C59C8 /* AppDelegate.swift */,
				BD5E1AE028B2CFE7002C59C8 /* LaunchScreen.storyboard */,
				BD5E1AD728B2CFE6002C59C8 /* SceneDelegate.swift */,
				BD5E1ADB28B2CFE6002C59C8 /* Main.storyboard */,
			);
			path = Main;
			sourceTree = "<group>";
		};
		BD5E1B0628B2D024002C59C8 /* Features */ = {
			isa = PBXGroup;
			children = (
				BD5E1B0728B2D094002C59C8 /* SearchAcronyms */,
			);
			path = Features;
			sourceTree = "<group>";
		};
		BD5E1B0728B2D094002C59C8 /* SearchAcronyms */ = {
			isa = PBXGroup;
			children = (
				BD5E1B3328B30562002C59C8 /* Views */,
				BD5E1B3828B30793002C59C8 /* Interactors */,
				BD5E1B3928B307AC002C59C8 /* Presenter */,
				BD5E1B3A28B307B5002C59C8 /* Router */,
				BD5E1B3228B302AB002C59C8 /* ViewModels */,
			);
			path = SearchAcronyms;
			sourceTree = "<group>";
		};
		BD5E1B0828B2D0A9002C59C8 /* Resources */ = {
			isa = PBXGroup;
			children = (
				BD5E1B7728B39A98002C59C8 /* Screenshots */,
				BD5E1B7428B38DC9002C59C8 /* SearchMockResponse.txt */,
				BD5E1ADE28B2CFE7002C59C8 /* Assets.xcassets */,
			);
			path = Resources;
			sourceTree = "<group>";
		};
		BD5E1B0F28B2D195002C59C8 /* Services */ = {
			isa = PBXGroup;
			children = (
				BD5E1B2A28B2F360002C59C8 /* SearchService */,
				BD5E1B1028B2D641002C59C8 /* Networking */,
			);
			path = Services;
			sourceTree = "<group>";
		};
		BD5E1B1028B2D641002C59C8 /* Networking */ = {
			isa = PBXGroup;
			children = (
				BD5E1B2428B2D827002C59C8 /* Core */,
				BD5E1B2328B2D802002C59C8 /* Models */,
				BD5E1B1C28B2D6B8002C59C8 /* Extensions */,
			);
			path = Networking;
			sourceTree = "<group>";
		};
		BD5E1B1B28B2D6AA002C59C8 /* Utilities */ = {
			isa = PBXGroup;
			children = (
				BD5E1B3D28B30C7B002C59C8 /* Extensions */,
			);
			path = Utilities;
			sourceTree = "<group>";
		};
		BD5E1B1C28B2D6B8002C59C8 /* Extensions */ = {
			isa = PBXGroup;
			children = (
				BD5E1B2028B2D7B2002C59C8 /* URL+Extensions.swift */,
				BD5E1B1F28B2D7B2002C59C8 /* HTTPURLResponse+Extensions.swift */,
			);
			path = Extensions;
			sourceTree = "<group>";
		};
		BD5E1B2328B2D802002C59C8 /* Models */ = {
			isa = PBXGroup;
			children = (
				BD5E1B2528B2E1C5002C59C8 /* HTTPStatusCode.swift */,
				BD5E1B1528B2D672002C59C8 /* LocalizedHTTPRequestError.swift */,
			);
			path = Models;
			sourceTree = "<group>";
		};
		BD5E1B2428B2D827002C59C8 /* Core */ = {
			isa = PBXGroup;
			children = (
				BD5E1B2728B2E37D002C59C8 /* HTTPRequestService.swift */,
				BD5E1B1128B2D65F002C59C8 /* HTTPRequestServiceable.swift */,
			);
			path = Core;
			sourceTree = "<group>";
		};
		BD5E1B2A28B2F360002C59C8 /* SearchService */ = {
			isa = PBXGroup;
			children = (
				BD5E1B2D28B2F474002C59C8 /* Models */,
				BD5E1B2B28B2F38D002C59C8 /* SearchService.swift */,
			);
			path = SearchService;
			sourceTree = "<group>";
		};
		BD5E1B2D28B2F474002C59C8 /* Models */ = {
			isa = PBXGroup;
			children = (
				BD5E1B2E28B2F482002C59C8 /* SearchResponse.swift */,
			);
			path = Models;
			sourceTree = "<group>";
		};
		BD5E1B3228B302AB002C59C8 /* ViewModels */ = {
			isa = PBXGroup;
			children = (
				BD5E1B3028B3022A002C59C8 /* SearchResultCellViewModel.swift */,
			);
			path = ViewModels;
			sourceTree = "<group>";
		};
		BD5E1B3328B30562002C59C8 /* Views */ = {
			isa = PBXGroup;
			children = (
				BD5E1AD928B2CFE6002C59C8 /* SearchAcronymsViewController.swift */,
				BD5E1B3B28B3081A002C59C8 /* SearchAcronymsViewController.xib */,
				BD5E1B3428B305CC002C59C8 /* SearchResultCell.swift */,
				BD5E1B4328B3169A002C59C8 /* SearchEmptyStateView.swift */,
				BD5E1B4928B32314002C59C8 /* LoadingView.swift */,
			);
			path = Views;
			sourceTree = "<group>";
		};
		BD5E1B3828B30793002C59C8 /* Interactors */ = {
			isa = PBXGroup;
			children = (
				BD5E1B0D28B2D17E002C59C8 /* SearchAcronymsInteractor.swift */,
				BD5E1B4128B31059002C59C8 /* SearchThrottler.swift */,
			);
			path = Interactors;
			sourceTree = "<group>";
		};
		BD5E1B3928B307AC002C59C8 /* Presenter */ = {
			isa = PBXGroup;
			children = (
				BD5E1B0928B2D14A002C59C8 /* SearchAcronymsPresenter.swift */,
			);
			path = Presenter;
			sourceTree = "<group>";
		};
		BD5E1B3A28B307B5002C59C8 /* Router */ = {
			isa = PBXGroup;
			children = (
				BD5E1B0B28B2D171002C59C8 /* SearchAcronymsRouter.swift */,
			);
			path = Router;
			sourceTree = "<group>";
		};
		BD5E1B3D28B30C7B002C59C8 /* Extensions */ = {
			isa = PBXGroup;
			children = (
				BD5E1B3E28B30C8B002C59C8 /* UIViewController+Extensions.swift */,
				BD5E1B4528B31747002C59C8 /* UIView+Extensions.swift */,
			);
			path = Extensions;
			sourceTree = "<group>";
		};
		BD5E1B4B28B34455002C59C8 /* Mocks */ = {
			isa = PBXGroup;
			children = (
				BD5E1B7128B38938002C59C8 /* MockURLSession.swift */,
				BD5E1B6D28B37A7F002C59C8 /* MockHTTPService.swift */,
				BD5E1B6928B37726002C59C8 /* MockSearchCell.swift */,
				BD5E1B6728B37219002C59C8 /* MockPresenter.swift */,
				BD5E1B5928B36889002C59C8 /* MockSearchService.swift */,
				BD5E1B4E28B344BC002C59C8 /* MockSearchAcronymsView.swift */,
				BD5E1B4F28B344BD002C59C8 /* MockSearchThrottler.swift */,
				BD5E1B4C28B34478002C59C8 /* MockInteractor.swift */,
			);
			path = Mocks;
			sourceTree = "<group>";
		};
		BD5E1B5228B359EE002C59C8 /* Extensions */ = {
			isa = PBXGroup;
			children = (
				BD5E1B5B28B36B83002C59C8 /* Fullform+Extensions.swift */,
				BD5E1B5528B36596002C59C8 /* XCTestCase+Extensions.swift */,
				BD5E1B5328B35A04002C59C8 /* Array+Extensions.swift */,
			);
			path = Extensions;
			sourceTree = "<group>";
		};
		BD5E1B7328B38DB6002C59C8 /* Resources */ = {
			isa = PBXGroup;
			children = (
			);
			path = Resources;
			sourceTree = "<group>";
		};
		BD5E1B7728B39A98002C59C8 /* Screenshots */ = {
			isa = PBXGroup;
			children = (
				BD5E1B7B28B39AA7002C59C8 /* BeginsSearch.png */,
				BD5E1B7828B39AA7002C59C8 /* NoResults.png */,
				BD5E1B7928B39AA7002C59C8 /* SearchInProgress.png */,
				BD5E1B7A28B39AA7002C59C8 /* ShowResults.png */,
			);
			path = Screenshots;
			sourceTree = "<group>";
		};
/* End PBXGroup section */

/* Begin PBXNativeTarget section */
		BD5E1AD128B2CFE6002C59C8 /* AcronymFinder */ = {
			isa = PBXNativeTarget;
			buildConfigurationList = BD5E1AFC28B2CFE7002C59C8 /* Build configuration list for PBXNativeTarget "AcronymFinder" */;
			buildPhases = (
				BD5E1ACE28B2CFE6002C59C8 /* Sources */,
				BD5E1ACF28B2CFE6002C59C8 /* Frameworks */,
				BD5E1AD028B2CFE6002C59C8 /* Resources */,
			);
			buildRules = (
			);
			dependencies = (
			);
			name = AcronymFinder;
			productName = AcronymFinder;
			productReference = BD5E1AD228B2CFE6002C59C8 /* AcronymFinder.app */;
			productType = "com.apple.product-type.application";
		};
		BD5E1AE728B2CFE7002C59C8 /* AcronymFinderTests */ = {
			isa = PBXNativeTarget;
			buildConfigurationList = BD5E1AFF28B2CFE7002C59C8 /* Build configuration list for PBXNativeTarget "AcronymFinderTests" */;
			buildPhases = (
				BD5E1AE428B2CFE7002C59C8 /* Sources */,
				BD5E1AE528B2CFE7002C59C8 /* Frameworks */,
				BD5E1AE628B2CFE7002C59C8 /* Resources */,
			);
			buildRules = (
			);
			dependencies = (
				BD5E1AEA28B2CFE7002C59C8 /* PBXTargetDependency */,
			);
			name = AcronymFinderTests;
			productName = AcronymFinderTests;
			productReference = BD5E1AE828B2CFE7002C59C8 /* AcronymFinderTests.xctest */;
			productType = "com.apple.product-type.bundle.unit-test";
		};
/* End PBXNativeTarget section */

/* Begin PBXProject section */
		BD5E1ACA28B2CFE6002C59C8 /* Project object */ = {
			isa = PBXProject;
			attributes = {
				BuildIndependentTargetsInParallel = 1;
				LastSwiftUpdateCheck = 1340;
				LastUpgradeCheck = 1340;
				TargetAttributes = {
					BD5E1AD128B2CFE6002C59C8 = {
						CreatedOnToolsVersion = 13.4.1;
					};
					BD5E1AE728B2CFE7002C59C8 = {
						CreatedOnToolsVersion = 13.4.1;
						TestTargetID = BD5E1AD128B2CFE6002C59C8;
					};
				};
			};
			buildConfigurationList = BD5E1ACD28B2CFE6002C59C8 /* Build configuration list for PBXProject "AcronymFinder" */;
			compatibilityVersion = "Xcode 13.0";
			developmentRegion = en;
			hasScannedForEncodings = 0;
			knownRegions = (
				en,
				Base,
			);
			mainGroup = BD5E1AC928B2CFE6002C59C8;
			productRefGroup = BD5E1AD328B2CFE6002C59C8 /* Products */;
			projectDirPath = "";
			projectRoot = "";
			targets = (
				BD5E1AD128B2CFE6002C59C8 /* AcronymFinder */,
				BD5E1AE728B2CFE7002C59C8 /* AcronymFinderTests */,
			);
		};
/* End PBXProject section */

/* Begin PBXResourcesBuildPhase section */
		BD5E1AD028B2CFE6002C59C8 /* Resources */ = {
			isa = PBXResourcesBuildPhase;
			buildActionMask = 2147483647;
			files = (
				BD5E1B7F28B39AA7002C59C8 /* BeginsSearch.png in Resources */,
				BD5E1B3C28B3081A002C59C8 /* SearchAcronymsViewController.xib in Resources */,
				BD5E1B7C28B39AA7002C59C8 /* NoResults.png in Resources */,
				BD5E1B7628B39123002C59C8 /* SearchMockResponse.txt in Resources */,
				BD5E1AE228B2CFE7002C59C8 /* LaunchScreen.storyboard in Resources */,
				BD5E1ADF28B2CFE7002C59C8 /* Assets.xcassets in Resources */,
				BD5E1B7E28B39AA7002C59C8 /* ShowResults.png in Resources */,
				BD5E1ADD28B2CFE6002C59C8 /* Main.storyboard in Resources */,
				BD5E1B7D28B39AA7002C59C8 /* SearchInProgress.png in Resources */,
			);
			runOnlyForDeploymentPostprocessing = 0;
		};
		BD5E1AE628B2CFE7002C59C8 /* Resources */ = {
			isa = PBXResourcesBuildPhase;
			buildActionMask = 2147483647;
			files = (
			);
			runOnlyForDeploymentPostprocessing = 0;
		};
/* End PBXResourcesBuildPhase section */

/* Begin PBXSourcesBuildPhase section */
		BD5E1ACE28B2CFE6002C59C8 /* Sources */ = {
			isa = PBXSourcesBuildPhase;
			buildActionMask = 2147483647;
			files = (
				BD5E1B4628B31747002C59C8 /* UIView+Extensions.swift in Sources */,
				BD5E1ADA28B2CFE6002C59C8 /* SearchAcronymsViewController.swift in Sources */,
				BD5E1AD628B2CFE6002C59C8 /* AppDelegate.swift in Sources */,
				BD5E1B4A28B32314002C59C8 /* LoadingView.swift in Sources */,
				BD5E1B4428B3169A002C59C8 /* SearchEmptyStateView.swift in Sources */,
				BD5E1B2128B2D7B2002C59C8 /* HTTPURLResponse+Extensions.swift in Sources */,
				BD5E1B3F28B30C8B002C59C8 /* UIViewController+Extensions.swift in Sources */,
				BD5E1B2628B2E1C5002C59C8 /* HTTPStatusCode.swift in Sources */,
				BD5E1B0E28B2D17E002C59C8 /* SearchAcronymsInteractor.swift in Sources */,
				BD5E1B3528B305CC002C59C8 /* SearchResultCell.swift in Sources */,
				BD5E1B4228B31059002C59C8 /* SearchThrottler.swift in Sources */,
				BD5E1B3128B3022A002C59C8 /* SearchResultCellViewModel.swift in Sources */,
				BD5E1B1228B2D65F002C59C8 /* HTTPRequestServiceable.swift in Sources */,
				BD5E1B2828B2E37D002C59C8 /* HTTPRequestService.swift in Sources */,
				BD5E1B0A28B2D14A002C59C8 /* SearchAcronymsPresenter.swift in Sources */,
				BD5E1AD828B2CFE6002C59C8 /* SceneDelegate.swift in Sources */,
				BD5E1B1928B2D672002C59C8 /* LocalizedHTTPRequestError.swift in Sources */,
				BD5E1B2F28B2F482002C59C8 /* SearchResponse.swift in Sources */,
				BD5E1B2C28B2F38D002C59C8 /* SearchService.swift in Sources */,
				BD5E1B0C28B2D171002C59C8 /* SearchAcronymsRouter.swift in Sources */,
				BD5E1B2228B2D7B2002C59C8 /* URL+Extensions.swift in Sources */,
			);
			runOnlyForDeploymentPostprocessing = 0;
		};
		BD5E1AE428B2CFE7002C59C8 /* Sources */ = {
			isa = PBXSourcesBuildPhase;
			buildActionMask = 2147483647;
			files = (
				BD5E1B6E28B37A7F002C59C8 /* MockHTTPService.swift in Sources */,
				BD5E1B6228B36CBB002C59C8 /* SearchAcronymsViewControllerTests.swift in Sources */,
				BD5E1B6C28B37A48002C59C8 /* SearchServiceTests.swift in Sources */,
				BD5E1B5828B36829002C59C8 /* SearchAcronymsInteractorTests.swift in Sources */,
				BD5E1B7228B38938002C59C8 /* MockURLSession.swift in Sources */,
				BD5E1B5128B344BD002C59C8 /* MockSearchThrottler.swift in Sources */,
				BD5E1B7028B387D7002C59C8 /* HTTPRequestServiceTests.swift in Sources */,
				BD5E1B5428B35A04002C59C8 /* Array+Extensions.swift in Sources */,
				BD5E1B6A28B37726002C59C8 /* MockSearchCell.swift in Sources */,
				BD5E1B6828B37219002C59C8 /* MockPresenter.swift in Sources */,
				BD5E1B5C28B36B83002C59C8 /* Fullform+Extensions.swift in Sources */,
				BD5E1B5A28B36889002C59C8 /* MockSearchService.swift in Sources */,
				BD5E1B4D28B34478002C59C8 /* MockInteractor.swift in Sources */,
				BD5E1B5028B344BD002C59C8 /* MockSearchAcronymsView.swift in Sources */,
				BD5E1B6328B36CBB002C59C8 /* SearchAcronymsRouterTests.swift in Sources */,
				BD5E1B5628B36596002C59C8 /* XCTestCase+Extensions.swift in Sources */,
				BD5E1AED28B2CFE7002C59C8 /* SearchAcronymsPresenterTests.swift in Sources */,
			);
			runOnlyForDeploymentPostprocessing = 0;
		};
/* End PBXSourcesBuildPhase section */

/* Begin PBXTargetDependency section */
		BD5E1AEA28B2CFE7002C59C8 /* PBXTargetDependency */ = {
			isa = PBXTargetDependency;
			target = BD5E1AD128B2CFE6002C59C8 /* AcronymFinder */;
			targetProxy = BD5E1AE928B2CFE7002C59C8 /* PBXContainerItemProxy */;
		};
/* End PBXTargetDependency section */

/* Begin PBXVariantGroup section */
		BD5E1ADB28B2CFE6002C59C8 /* Main.storyboard */ = {
			isa = PBXVariantGroup;
			children = (
				BD5E1ADC28B2CFE6002C59C8 /* Base */,
			);
			name = Main.storyboard;
			sourceTree = "<group>";
		};
		BD5E1AE028B2CFE7002C59C8 /* LaunchScreen.storyboard */ = {
			isa = PBXVariantGroup;
			children = (
				BD5E1AE128B2CFE7002C59C8 /* Base */,
			);
			name = LaunchScreen.storyboard;
			sourceTree = "<group>";
		};
/* End PBXVariantGroup section */

/* Begin XCBuildConfiguration section */
		BD5E1AFA28B2CFE7002C59C8 /* Debug */ = {
			isa = XCBuildConfiguration;
			buildSettings = {
				ALWAYS_SEARCH_USER_PATHS = NO;
				CLANG_ANALYZER_NONNULL = YES;
				CLANG_ANALYZER_NUMBER_OBJECT_CONVERSION = YES_AGGRESSIVE;
				CLANG_CXX_LANGUAGE_STANDARD = "gnu++17";
				CLANG_ENABLE_MODULES = YES;
				CLANG_ENABLE_OBJC_ARC = YES;
				CLANG_ENABLE_OBJC_WEAK = YES;
				CLANG_WARN_BLOCK_CAPTURE_AUTORELEASING = YES;
				CLANG_WARN_BOOL_CONVERSION = YES;
				CLANG_WARN_COMMA = YES;
				CLANG_WARN_CONSTANT_CONVERSION = YES;
				CLANG_WARN_DEPRECATED_OBJC_IMPLEMENTATIONS = YES;
				CLANG_WARN_DIRECT_OBJC_ISA_USAGE = YES_ERROR;
				CLANG_WARN_DOCUMENTATION_COMMENTS = YES;
				CLANG_WARN_EMPTY_BODY = YES;
				CLANG_WARN_ENUM_CONVERSION = YES;
				CLANG_WARN_INFINITE_RECURSION = YES;
				CLANG_WARN_INT_CONVERSION = YES;
				CLANG_WARN_NON_LITERAL_NULL_CONVERSION = YES;
				CLANG_WARN_OBJC_IMPLICIT_RETAIN_SELF = YES;
				CLANG_WARN_OBJC_LITERAL_CONVERSION = YES;
				CLANG_WARN_OBJC_ROOT_CLASS = YES_ERROR;
				CLANG_WARN_QUOTED_INCLUDE_IN_FRAMEWORK_HEADER = YES;
				CLANG_WARN_RANGE_LOOP_ANALYSIS = YES;
				CLANG_WARN_STRICT_PROTOTYPES = YES;
				CLANG_WARN_SUSPICIOUS_MOVE = YES;
				CLANG_WARN_UNGUARDED_AVAILABILITY = YES_AGGRESSIVE;
				CLANG_WARN_UNREACHABLE_CODE = YES;
				CLANG_WARN__DUPLICATE_METHOD_MATCH = YES;
				COPY_PHASE_STRIP = NO;
				DEBUG_INFORMATION_FORMAT = dwarf;
				ENABLE_STRICT_OBJC_MSGSEND = YES;
				ENABLE_TESTABILITY = YES;
				GCC_C_LANGUAGE_STANDARD = gnu11;
				GCC_DYNAMIC_NO_PIC = NO;
				GCC_NO_COMMON_BLOCKS = YES;
				GCC_OPTIMIZATION_LEVEL = 0;
				GCC_PREPROCESSOR_DEFINITIONS = (
					"DEBUG=1",
					"$(inherited)",
				);
				GCC_WARN_64_TO_32_BIT_CONVERSION = YES;
				GCC_WARN_ABOUT_RETURN_TYPE = YES_ERROR;
				GCC_WARN_UNDECLARED_SELECTOR = YES;
				GCC_WARN_UNINITIALIZED_AUTOS = YES_AGGRESSIVE;
				GCC_WARN_UNUSED_FUNCTION = YES;
				GCC_WARN_UNUSED_VARIABLE = YES;
				IPHONEOS_DEPLOYMENT_TARGET = 15.5;
				MTL_ENABLE_DEBUG_INFO = INCLUDE_SOURCE;
				MTL_FAST_MATH = YES;
				ONLY_ACTIVE_ARCH = YES;
				SDKROOT = iphoneos;
				SWIFT_ACTIVE_COMPILATION_CONDITIONS = DEBUG;
				SWIFT_OPTIMIZATION_LEVEL = "-Onone";
			};
			name = Debug;
		};
		BD5E1AFB28B2CFE7002C59C8 /* Release */ = {
			isa = XCBuildConfiguration;
			buildSettings = {
				ALWAYS_SEARCH_USER_PATHS = NO;
				CLANG_ANALYZER_NONNULL = YES;
				CLANG_ANALYZER_NUMBER_OBJECT_CONVERSION = YES_AGGRESSIVE;
				CLANG_CXX_LANGUAGE_STANDARD = "gnu++17";
				CLANG_ENABLE_MODULES = YES;
				CLANG_ENABLE_OBJC_ARC = YES;
				CLANG_ENABLE_OBJC_WEAK = YES;
				CLANG_WARN_BLOCK_CAPTURE_AUTORELEASING = YES;
				CLANG_WARN_BOOL_CONVERSION = YES;
				CLANG_WARN_COMMA = YES;
				CLANG_WARN_CONSTANT_CONVERSION = YES;
				CLANG_WARN_DEPRECATED_OBJC_IMPLEMENTATIONS = YES;
				CLANG_WARN_DIRECT_OBJC_ISA_USAGE = YES_ERROR;
				CLANG_WARN_DOCUMENTATION_COMMENTS = YES;
				CLANG_WARN_EMPTY_BODY = YES;
				CLANG_WARN_ENUM_CONVERSION = YES;
				CLANG_WARN_INFINITE_RECURSION = YES;
				CLANG_WARN_INT_CONVERSION = YES;
				CLANG_WARN_NON_LITERAL_NULL_CONVERSION = YES;
				CLANG_WARN_OBJC_IMPLICIT_RETAIN_SELF = YES;
				CLANG_WARN_OBJC_LITERAL_CONVERSION = YES;
				CLANG_WARN_OBJC_ROOT_CLASS = YES_ERROR;
				CLANG_WARN_QUOTED_INCLUDE_IN_FRAMEWORK_HEADER = YES;
				CLANG_WARN_RANGE_LOOP_ANALYSIS = YES;
				CLANG_WARN_STRICT_PROTOTYPES = YES;
				CLANG_WARN_SUSPICIOUS_MOVE = YES;
				CLANG_WARN_UNGUARDED_AVAILABILITY = YES_AGGRESSIVE;
				CLANG_WARN_UNREACHABLE_CODE = YES;
				CLANG_WARN__DUPLICATE_METHOD_MATCH = YES;
				COPY_PHASE_STRIP = NO;
				DEBUG_INFORMATION_FORMAT = "dwarf-with-dsym";
				ENABLE_NS_ASSERTIONS = NO;
				ENABLE_STRICT_OBJC_MSGSEND = YES;
				GCC_C_LANGUAGE_STANDARD = gnu11;
				GCC_NO_COMMON_BLOCKS = YES;
				GCC_WARN_64_TO_32_BIT_CONVERSION = YES;
				GCC_WARN_ABOUT_RETURN_TYPE = YES_ERROR;
				GCC_WARN_UNDECLARED_SELECTOR = YES;
				GCC_WARN_UNINITIALIZED_AUTOS = YES_AGGRESSIVE;
				GCC_WARN_UNUSED_FUNCTION = YES;
				GCC_WARN_UNUSED_VARIABLE = YES;
				IPHONEOS_DEPLOYMENT_TARGET = 15.5;
				MTL_ENABLE_DEBUG_INFO = NO;
				MTL_FAST_MATH = YES;
				SDKROOT = iphoneos;
				SWIFT_COMPILATION_MODE = wholemodule;
				SWIFT_OPTIMIZATION_LEVEL = "-O";
				VALIDATE_PRODUCT = YES;
			};
			name = Release;
		};
		BD5E1AFD28B2CFE7002C59C8 /* Debug */ = {
			isa = XCBuildConfiguration;
			buildSettings = {
				ASSETCATALOG_COMPILER_APPICON_NAME = AppIcon;
				ASSETCATALOG_COMPILER_GLOBAL_ACCENT_COLOR_NAME = AccentColor;
				CODE_SIGN_STYLE = Automatic;
				CURRENT_PROJECT_VERSION = 1;
				GENERATE_INFOPLIST_FILE = YES;
				INFOPLIST_FILE = AcronymFinder/Info.plist;
				INFOPLIST_KEY_UIApplicationSupportsIndirectInputEvents = YES;
				INFOPLIST_KEY_UILaunchStoryboardName = LaunchScreen;
				INFOPLIST_KEY_UIMainStoryboardFile = Main;
				INFOPLIST_KEY_UISupportedInterfaceOrientations_iPad = "UIInterfaceOrientationPortrait UIInterfaceOrientationPortraitUpsideDown UIInterfaceOrientationLandscapeLeft UIInterfaceOrientationLandscapeRight";
				INFOPLIST_KEY_UISupportedInterfaceOrientations_iPhone = "UIInterfaceOrientationPortrait UIInterfaceOrientationLandscapeLeft UIInterfaceOrientationLandscapeRight";
				LD_RUNPATH_SEARCH_PATHS = (
					"$(inherited)",
					"@executable_path/Frameworks",
				);
				MARKETING_VERSION = 1.0;
				PRODUCT_BUNDLE_IDENTIFIER = com.anoopthomas.acronymfinder.AcronymFinder;
				PRODUCT_NAME = "$(TARGET_NAME)";
				SWIFT_EMIT_LOC_STRINGS = YES;
				SWIFT_VERSION = 5.0;
				TARGETED_DEVICE_FAMILY = "1,2";
			};
			name = Debug;
		};
		BD5E1AFE28B2CFE7002C59C8 /* Release */ = {
			isa = XCBuildConfiguration;
			buildSettings = {
				ASSETCATALOG_COMPILER_APPICON_NAME = AppIcon;
				ASSETCATALOG_COMPILER_GLOBAL_ACCENT_COLOR_NAME = AccentColor;
				CODE_SIGN_STYLE = Automatic;
				CURRENT_PROJECT_VERSION = 1;
				GENERATE_INFOPLIST_FILE = YES;
				INFOPLIST_FILE = AcronymFinder/Info.plist;
				INFOPLIST_KEY_UIApplicationSupportsIndirectInputEvents = YES;
				INFOPLIST_KEY_UILaunchStoryboardName = LaunchScreen;
				INFOPLIST_KEY_UIMainStoryboardFile = Main;
				INFOPLIST_KEY_UISupportedInterfaceOrientations_iPad = "UIInterfaceOrientationPortrait UIInterfaceOrientationPortraitUpsideDown UIInterfaceOrientationLandscapeLeft UIInterfaceOrientationLandscapeRight";
				INFOPLIST_KEY_UISupportedInterfaceOrientations_iPhone = "UIInterfaceOrientationPortrait UIInterfaceOrientationLandscapeLeft UIInterfaceOrientationLandscapeRight";
				LD_RUNPATH_SEARCH_PATHS = (
					"$(inherited)",
					"@executable_path/Frameworks",
				);
				MARKETING_VERSION = 1.0;
				PRODUCT_BUNDLE_IDENTIFIER = com.anoopthomas.acronymfinder.AcronymFinder;
				PRODUCT_NAME = "$(TARGET_NAME)";
				SWIFT_EMIT_LOC_STRINGS = YES;
				SWIFT_VERSION = 5.0;
				TARGETED_DEVICE_FAMILY = "1,2";
			};
			name = Release;
		};
		BD5E1B0028B2CFE7002C59C8 /* Debug */ = {
			isa = XCBuildConfiguration;
			buildSettings = {
				ALWAYS_EMBED_SWIFT_STANDARD_LIBRARIES = YES;
				BUNDLE_LOADER = "$(TEST_HOST)";
				CODE_SIGN_STYLE = Automatic;
				CURRENT_PROJECT_VERSION = 1;
				GENERATE_INFOPLIST_FILE = YES;
				IPHONEOS_DEPLOYMENT_TARGET = 15.5;
				MARKETING_VERSION = 1.0;
				PRODUCT_BUNDLE_IDENTIFIER = com.anoopthomas.acronymfinder.AcronymFinderTests;
				PRODUCT_NAME = "$(TARGET_NAME)";
				SWIFT_EMIT_LOC_STRINGS = NO;
				SWIFT_VERSION = 5.0;
				TARGETED_DEVICE_FAMILY = "1,2";
				TEST_HOST = "$(BUILT_PRODUCTS_DIR)/AcronymFinder.app/AcronymFinder";
			};
			name = Debug;
		};
		BD5E1B0128B2CFE7002C59C8 /* Release */ = {
			isa = XCBuildConfiguration;
			buildSettings = {
				ALWAYS_EMBED_SWIFT_STANDARD_LIBRARIES = YES;
				BUNDLE_LOADER = "$(TEST_HOST)";
				CODE_SIGN_STYLE = Automatic;
				CURRENT_PROJECT_VERSION = 1;
				GENERATE_INFOPLIST_FILE = YES;
				IPHONEOS_DEPLOYMENT_TARGET = 15.5;
				MARKETING_VERSION = 1.0;
				PRODUCT_BUNDLE_IDENTIFIER = com.anoopthomas.acronymfinder.AcronymFinderTests;
				PRODUCT_NAME = "$(TARGET_NAME)";
				SWIFT_EMIT_LOC_STRINGS = NO;
				SWIFT_VERSION = 5.0;
				TARGETED_DEVICE_FAMILY = "1,2";
				TEST_HOST = "$(BUILT_PRODUCTS_DIR)/AcronymFinder.app/AcronymFinder";
			};
			name = Release;
		};
/* End XCBuildConfiguration section */

/* Begin XCConfigurationList section */
		BD5E1ACD28B2CFE6002C59C8 /* Build configuration list for PBXProject "AcronymFinder" */ = {
			isa = XCConfigurationList;
			buildConfigurations = (
				BD5E1AFA28B2CFE7002C59C8 /* Debug */,
				BD5E1AFB28B2CFE7002C59C8 /* Release */,
			);
			defaultConfigurationIsVisible = 0;
			defaultConfigurationName = Release;
		};
		BD5E1AFC28B2CFE7002C59C8 /* Build configuration list for PBXNativeTarget "AcronymFinder" */ = {
			isa = XCConfigurationList;
			buildConfigurations = (
				BD5E1AFD28B2CFE7002C59C8 /* Debug */,
				BD5E1AFE28B2CFE7002C59C8 /* Release */,
			);
			defaultConfigurationIsVisible = 0;
			defaultConfigurationName = Release;
		};
		BD5E1AFF28B2CFE7002C59C8 /* Build configuration list for PBXNativeTarget "AcronymFinderTests" */ = {
			isa = XCConfigurationList;
			buildConfigurations = (
				BD5E1B0028B2CFE7002C59C8 /* Debug */,
				BD5E1B0128B2CFE7002C59C8 /* Release */,
			);
			defaultConfigurationIsVisible = 0;
			defaultConfigurationName = Release;
		};
/* End XCConfigurationList section */
	};
	rootObject = BD5E1ACA28B2CFE6002C59C8 /* Project object */;
}
